// !$*UTF8*$!
{
	archiveVersion = 1;
	classes = {
	};
	objectVersion = 77;
	objects = {

/* Begin PBXBuildFile section */
		1E1BB76A2CD36D2E0055F13A /* Alamofire in Frameworks */ = {isa = PBXBuildFile; productRef = 1E1BB7692CD36D2E0055F13A /* Alamofire */; };
/* End PBXBuildFile section */

/* Begin PBXContainerItemProxy section */
		1E47C11A2CD20DA4003AE32B /* PBXContainerItemProxy */ = {
			isa = PBXContainerItemProxy;
			containerPortal = 1E47C0FB2CD20DA2003AE32B /* Project object */;
			proxyType = 1;
			remoteGlobalIDString = 1E47C1022CD20DA2003AE32B;
			remoteInfo = PopulationData;
		};
		1E47C1242CD20DA4003AE32B /* PBXContainerItemProxy */ = {
			isa = PBXContainerItemProxy;
			containerPortal = 1E47C0FB2CD20DA2003AE32B /* Project object */;
			proxyType = 1;
			remoteGlobalIDString = 1E47C1022CD20DA2003AE32B;
			remoteInfo = PopulationData;
		};
/* End PBXContainerItemProxy section */

/* Begin PBXFileReference section */
		1E47C1032CD20DA2003AE32B /* PopulationData.app */ = {isa = PBXFileReference; explicitFileType = wrapper.application; includeInIndex = 0; path = PopulationData.app; sourceTree = BUILT_PRODUCTS_DIR; };
		1E47C1192CD20DA4003AE32B /* PopulationDataTests.xctest */ = {isa = PBXFileReference; explicitFileType = wrapper.cfbundle; includeInIndex = 0; path = PopulationDataTests.xctest; sourceTree = BUILT_PRODUCTS_DIR; };
		1E47C1232CD20DA4003AE32B /* PopulationDataUITests.xctest */ = {isa = PBXFileReference; explicitFileType = wrapper.cfbundle; includeInIndex = 0; path = PopulationDataUITests.xctest; sourceTree = BUILT_PRODUCTS_DIR; };
/* End PBXFileReference section */

/* Begin PBXFileSystemSynchronizedBuildFileExceptionSet section */
		1E47C12B2CD20DA4003AE32B /* Exceptions for "PopulationData" folder in "PopulationData" target */ = {
			isa = PBXFileSystemSynchronizedBuildFileExceptionSet;
			membershipExceptions = (
				Info.plist,
			);
			target = 1E47C1022CD20DA2003AE32B /* PopulationData */;
		};
/* End PBXFileSystemSynchronizedBuildFileExceptionSet section */

/* Begin PBXFileSystemSynchronizedRootGroup section */
		1E47C1052CD20DA2003AE32B /* PopulationData */ = {
			isa = PBXFileSystemSynchronizedRootGroup;
			exceptions = (
				1E47C12B2CD20DA4003AE32B /* Exceptions for "PopulationData" folder in "PopulationData" target */,
			);
			path = PopulationData;
			sourceTree = "<group>";
		};
		1E47C11C2CD20DA4003AE32B /* PopulationDataTests */ = {
			isa = PBXFileSystemSynchronizedRootGroup;
			path = PopulationDataTests;
			sourceTree = "<group>";
		};
		1E47C1262CD20DA4003AE32B /* PopulationDataUITests */ = {
			isa = PBXFileSystemSynchronizedRootGroup;
			path = PopulationDataUITests;
			sourceTree = "<group>";
		};
/* End PBXFileSystemSynchronizedRootGroup section */

/* Begin PBXFrameworksBuildPhase section */
		1E47C1002CD20DA2003AE32B /* Frameworks */ = {
			isa = PBXFrameworksBuildPhase;
			buildActionMask = 2147483647;
			files = (
				1E1BB76A2CD36D2E0055F13A /* Alamofire in Frameworks */,
			);
			runOnlyForDeploymentPostprocessing = 0;
		};
		1E47C1162CD20DA4003AE32B /* Frameworks */ = {
			isa = PBXFrameworksBuildPhase;
			buildActionMask = 2147483647;
			files = (
			);
			runOnlyForDeploymentPostprocessing = 0;
		};
		1E47C1202CD20DA4003AE32B /* Frameworks */ = {
			isa = PBXFrameworksBuildPhase;
			buildActionMask = 2147483647;
			files = (
			);
			runOnlyForDeploymentPostprocessing = 0;
		};
/* End PBXFrameworksBuildPhase section */

/* Begin PBXGroup section */
		1E47C0FA2CD20DA2003AE32B = {
			isa = PBXGroup;
			children = (
				1E47C1052CD20DA2003AE32B /* PopulationData */,
				1E47C11C2CD20DA4003AE32B /* PopulationDataTests */,
				1E47C1262CD20DA4003AE32B /* PopulationDataUITests */,
				1E47C1042CD20DA2003AE32B /* Products */,
			);
			sourceTree = "<group>";
		};
		1E47C1042CD20DA2003AE32B /* Products */ = {
			isa = PBXGroup;
			children = (
				1E47C1032CD20DA2003AE32B /* PopulationData.app */,
				1E47C1192CD20DA4003AE32B /* PopulationDataTests.xctest */,
				1E47C1232CD20DA4003AE32B /* PopulationDataUITests.xctest */,
			);
			name = Products;
			sourceTree = "<group>";
		};
/* End PBXGroup section */

/* Begin PBXNativeTarget section */
		1E47C1022CD20DA2003AE32B /* PopulationData */ = {
			isa = PBXNativeTarget;
			buildConfigurationList = 1E47C12C2CD20DA4003AE32B /* Build configuration list for PBXNativeTarget "PopulationData" */;
			buildPhases = (
				1E47C0FF2CD20DA2003AE32B /* Sources */,
				1E47C1002CD20DA2003AE32B /* Frameworks */,
				1E47C1012CD20DA2003AE32B /* Resources */,
			);
			buildRules = (
			);
			dependencies = (
			);
			fileSystemSynchronizedGroups = (
				1E47C1052CD20DA2003AE32B /* PopulationData */,
			);
			name = PopulationData;
			packageProductDependencies = (
				1E1BB7692CD36D2E0055F13A /* Alamofire */,
			);
			productName = PopulationData;
			productReference = 1E47C1032CD20DA2003AE32B /* PopulationData.app */;
			productType = "com.apple.product-type.application";
		};
		1E47C1182CD20DA4003AE32B /* PopulationDataTests */ = {
			isa = PBXNativeTarget;
			buildConfigurationList = 1E47C1312CD20DA4003AE32B /* Build configuration list for PBXNativeTarget "PopulationDataTests" */;
			buildPhases = (
				1E47C1152CD20DA4003AE32B /* Sources */,
				1E47C1162CD20DA4003AE32B /* Frameworks */,
				1E47C1172CD20DA4003AE32B /* Resources */,
			);
			buildRules = (
			);
			dependencies = (
				1E47C11B2CD20DA4003AE32B /* PBXTargetDependency */,
			);
			fileSystemSynchronizedGroups = (
				1E47C11C2CD20DA4003AE32B /* PopulationDataTests */,
			);
			name = PopulationDataTests;
			packageProductDependencies = (
			);
			productName = PopulationDataTests;
			productReference = 1E47C1192CD20DA4003AE32B /* PopulationDataTests.xctest */;
			productType = "com.apple.product-type.bundle.unit-test";
		};
		1E47C1222CD20DA4003AE32B /* PopulationDataUITests */ = {
			isa = PBXNativeTarget;
			buildConfigurationList = 1E47C1342CD20DA4003AE32B /* Build configuration list for PBXNativeTarget "PopulationDataUITests" */;
			buildPhases = (
				1E47C11F2CD20DA4003AE32B /* Sources */,
				1E47C1202CD20DA4003AE32B /* Frameworks */,
				1E47C1212CD20DA4003AE32B /* Resources */,
			);
			buildRules = (
			);
			dependencies = (
				1E47C1252CD20DA4003AE32B /* PBXTargetDependency */,
			);
			fileSystemSynchronizedGroups = (
				1E47C1262CD20DA4003AE32B /* PopulationDataUITests */,
			);
			name = PopulationDataUITests;
			packageProductDependencies = (
			);
			productName = PopulationDataUITests;
			productReference = 1E47C1232CD20DA4003AE32B /* PopulationDataUITests.xctest */;
			productType = "com.apple.product-type.bundle.ui-testing";
		};
/* End PBXNativeTarget section */

/* Begin PBXProject section */
		1E47C0FB2CD20DA2003AE32B /* Project object */ = {
			isa = PBXProject;
			attributes = {
				BuildIndependentTargetsInParallel = 1;
				LastSwiftUpdateCheck = 1600;
				LastUpgradeCheck = 1600;
				TargetAttributes = {
					1E47C1022CD20DA2003AE32B = {
						CreatedOnToolsVersion = 16.0;
					};
					1E47C1182CD20DA4003AE32B = {
						CreatedOnToolsVersion = 16.0;
						TestTargetID = 1E47C1022CD20DA2003AE32B;
					};
					1E47C1222CD20DA4003AE32B = {
						CreatedOnToolsVersion = 16.0;
						TestTargetID = 1E47C1022CD20DA2003AE32B;
					};
				};
			};
			buildConfigurationList = 1E47C0FE2CD20DA2003AE32B /* Build configuration list for PBXProject "PopulationData" */;
			developmentRegion = en;
			hasScannedForEncodings = 0;
			knownRegions = (
				en,
				Base,
			);
			mainGroup = 1E47C0FA2CD20DA2003AE32B;
			minimizedProjectReferenceProxies = 1;
			packageReferences = (
				1E1BB7682CD36D2E0055F13A /* XCRemoteSwiftPackageReference "Alamofire" */,
			);
			preferredProjectObjectVersion = 77;
			productRefGroup = 1E47C1042CD20DA2003AE32B /* Products */;
			projectDirPath = "";
			projectRoot = "";
			targets = (
				1E47C1022CD20DA2003AE32B /* PopulationData */,
				1E47C1182CD20DA4003AE32B /* PopulationDataTests */,
				1E47C1222CD20DA4003AE32B /* PopulationDataUITests */,
			);
		};
/* End PBXProject section */

/* Begin PBXResourcesBuildPhase section */
		1E47C1012CD20DA2003AE32B /* Resources */ = {
			isa = PBXResourcesBuildPhase;
			buildActionMask = 2147483647;
			files = (
			);
			runOnlyForDeploymentPostprocessing = 0;
		};
		1E47C1172CD20DA4003AE32B /* Resources */ = {
			isa = PBXResourcesBuildPhase;
			buildActionMask = 2147483647;
			files = (
			);
			runOnlyForDeploymentPostprocessing = 0;
		};
		1E47C1212CD20DA4003AE32B /* Resources */ = {
			isa = PBXResourcesBuildPhase;
			buildActionMask = 2147483647;
			files = (
			);
			runOnlyForDeploymentPostprocessing = 0;
		};
/* End PBXResourcesBuildPhase section */

/* Begin PBXSourcesBuildPhase section */
		1E47C0FF2CD20DA2003AE32B /* Sources */ = {
			isa = PBXSourcesBuildPhase;
			buildActionMask = 2147483647;
			files = (
			);
			runOnlyForDeploymentPostprocessing = 0;
		};
		1E47C1152CD20DA4003AE32B /* Sources */ = {
			isa = PBXSourcesBuildPhase;
			buildActionMask = 2147483647;
			files = (
			);
			runOnlyForDeploymentPostprocessing = 0;
		};
		1E47C11F2CD20DA4003AE32B /* Sources */ = {
			isa = PBXSourcesBuildPhase;
			buildActionMask = 2147483647;
			files = (
			);
			runOnlyForDeploymentPostprocessing = 0;
		};
/* End PBXSourcesBuildPhase section */

/* Begin PBXTargetDependency section */
		1E47C11B2CD20DA4003AE32B /* PBXTargetDependency */ = {
			isa = PBXTargetDependency;
			target = 1E47C1022CD20DA2003AE32B /* PopulationData */;
			targetProxy = 1E47C11A2CD20DA4003AE32B /* PBXContainerItemProxy */;
		};
		1E47C1252CD20DA4003AE32B /* PBXTargetDependency */ = {
			isa = PBXTargetDependency;
			target = 1E47C1022CD20DA2003AE32B /* PopulationData */;
			targetProxy = 1E47C1242CD20DA4003AE32B /* PBXContainerItemProxy */;
		};
/* End PBXTargetDependency section */

/* Begin XCBuildConfiguration section */
		1E47C12D2CD20DA4003AE32B /* Debug */ = {
			isa = XCBuildConfiguration;
			buildSettings = {
				ASSETCATALOG_COMPILER_APPICON_NAME = AppIcon;
				ASSETCATALOG_COMPILER_GLOBAL_ACCENT_COLOR_NAME = AccentColor;
				CODE_SIGN_STYLE = Automatic;
				CURRENT_PROJECT_VERSION = 1;
				DEVELOPMENT_TEAM = "";
				GENERATE_INFOPLIST_FILE = YES;
				INFOPLIST_FILE = PopulationData/Info.plist;
				INFOPLIST_KEY_UIApplicationSupportsIndirectInputEvents = YES;
				INFOPLIST_KEY_UILaunchStoryboardName = LaunchScreen;
				INFOPLIST_KEY_UIMainStoryboardFile = Main;
				INFOPLIST_KEY_UISupportedInterfaceOrientations_iPad = "UIInterfaceOrientationPortrait UIInterfaceOrientationPortraitUpsideDown UIInterfaceOrientationLandscapeLeft UIInterfaceOrientationLandscapeRight";
				INFOPLIST_KEY_UISupportedInterfaceOrientations_iPhone = "UIInterfaceOrientationPortrait UIInterfaceOrientationLandscapeLeft UIInterfaceOrientationLandscapeRight";
				LD_RUNPATH_SEARCH_PATHS = (
					"$(inherited)",
					"@executable_path/Frameworks",
				);
				MARKETING_VERSION = 1.0;
				PRODUCT_BUNDLE_IDENTIFIER = com.app.PopulationData;
				PRODUCT_NAME = "$(TARGET_NAME)";
				SWIFT_EMIT_LOC_STRINGS = YES;
				SWIFT_VERSION = 5.0;
				TARGETED_DEVICE_FAMILY = "1,2";
			};
			name = Debug;
		};
		1E47C12E2CD20DA4003AE32B /* Release */ = {
			isa = XCBuildConfiguration;
			buildSettings = {
				ASSETCATALOG_COMPILER_APPICON_NAME = AppIcon;
				ASSETCATALOG_COMPILER_GLOBAL_ACCENT_COLOR_NAME = AccentColor;
				CODE_SIGN_STYLE = Automatic;
				CURRENT_PROJECT_VERSION = 1;
				DEVELOPMENT_TEAM = "";
				GENERATE_INFOPLIST_FILE = YES;
				INFOPLIST_FILE = PopulationData/Info.plist;
				INFOPLIST_KEY_UIApplicationSupportsIndirectInputEvents = YES;
				INFOPLIST_KEY_UILaunchStoryboardName = LaunchScreen;
				INFOPLIST_KEY_UIMainStoryboardFile = Main;
				INFOPLIST_KEY_UISupportedInterfaceOrientations_iPad = "UIInterfaceOrientationPortrait UIInterfaceOrientationPortraitUpsideDown UIInterfaceOrientationLandscapeLeft UIInterfaceOrientationLandscapeRight";
				INFOPLIST_KEY_UISupportedInterfaceOrientations_iPhone = "UIInterfaceOrientationPortrait UIInterfaceOrientationLandscapeLeft UIInterfaceOrientationLandscapeRight";
				LD_RUNPATH_SEARCH_PATHS = (
					"$(inherited)",
					"@executable_path/Frameworks",
				);
				MARKETING_VERSION = 1.0;
				PRODUCT_BUNDLE_IDENTIFIER = com.app.PopulationData;
				PRODUCT_NAME = "$(TARGET_NAME)";
				SWIFT_EMIT_LOC_STRINGS = YES;
				SWIFT_VERSION = 5.0;
				TARGETED_DEVICE_FAMILY = "1,2";
			};
			name = Release;
		};
		1E47C12F2CD20DA4003AE32B /* Debug */ = {
			isa = XCBuildConfiguration;
			buildSettings = {
				ALWAYS_SEARCH_USER_PATHS = NO;
				ASSETCATALOG_COMPILER_GENERATE_SWIFT_ASSET_SYMBOL_EXTENSIONS = YES;
				CLANG_ANALYZER_NONNULL = YES;
				CLANG_ANALYZER_NUMBER_OBJECT_CONVERSION = YES_AGGRESSIVE;
				CLANG_CXX_LANGUAGE_STANDARD = "gnu++20";
				CLANG_ENABLE_MODULES = YES;
				CLANG_ENABLE_OBJC_ARC = YES;
				CLANG_ENABLE_OBJC_WEAK = YES;
				CLANG_WARN_BLOCK_CAPTURE_AUTORELEASING = YES;
				CLANG_WARN_BOOL_CONVERSION = YES;
				CLANG_WARN_COMMA = YES;
				CLANG_WARN_CONSTANT_CONVERSION = YES;
				CLANG_WARN_DEPRECATED_OBJC_IMPLEMENTATIONS = YES;
				CLANG_WARN_DIRECT_OBJC_ISA_USAGE = YES_ERROR;
				CLANG_WARN_DOCUMENTATION_COMMENTS = YES;
				CLANG_WARN_EMPTY_BODY = YES;
				CLANG_WARN_ENUM_CONVERSION = YES;
				CLANG_WARN_INFINITE_RECURSION = YES;
				CLANG_WARN_INT_CONVERSION = YES;
				CLANG_WARN_NON_LITERAL_NULL_CONVERSION = YES;
				CLANG_WARN_OBJC_IMPLICIT_RETAIN_SELF = YES;
				CLANG_WARN_OBJC_LITERAL_CONVERSION = YES;
				CLANG_WARN_OBJC_ROOT_CLASS = YES_ERROR;
				CLANG_WARN_QUOTED_INCLUDE_IN_FRAMEWORK_HEADER = YES;
				CLANG_WARN_RANGE_LOOP_ANALYSIS = YES;
				CLANG_WARN_STRICT_PROTOTYPES = YES;
				CLANG_WARN_SUSPICIOUS_MOVE = YES;
				CLANG_WARN_UNGUARDED_AVAILABILITY = YES_AGGRESSIVE;
				CLANG_WARN_UNREACHABLE_CODE = YES;
				CLANG_WARN__DUPLICATE_METHOD_MATCH = YES;
				COPY_PHASE_STRIP = NO;
				DEBUG_INFORMATION_FORMAT = dwarf;
				ENABLE_STRICT_OBJC_MSGSEND = YES;
				ENABLE_TESTABILITY = YES;
				ENABLE_USER_SCRIPT_SANDBOXING = YES;
				GCC_C_LANGUAGE_STANDARD = gnu17;
				GCC_DYNAMIC_NO_PIC = NO;
				GCC_NO_COMMON_BLOCKS = YES;
				GCC_OPTIMIZATION_LEVEL = 0;
				GCC_PREPROCESSOR_DEFINITIONS = (
					"DEBUG=1",
					"$(inherited)",
				);
				GCC_WARN_64_TO_32_BIT_CONVERSION = YES;
				GCC_WARN_ABOUT_RETURN_TYPE = YES_ERROR;
				GCC_WARN_UNDECLARED_SELECTOR = YES;
				GCC_WARN_UNINITIALIZED_AUTOS = YES_AGGRESSIVE;
				GCC_WARN_UNUSED_FUNCTION = YES;
				GCC_WARN_UNUSED_VARIABLE = YES;
				IPHONEOS_DEPLOYMENT_TARGET = 18.0;
				LOCALIZATION_PREFERS_STRING_CATALOGS = YES;
				MTL_ENABLE_DEBUG_INFO = INCLUDE_SOURCE;
				MTL_FAST_MATH = YES;
				ONLY_ACTIVE_ARCH = YES;
				SDKROOT = iphoneos;
				SWIFT_ACTIVE_COMPILATION_CONDITIONS = "DEBUG $(inherited)";
				SWIFT_OPTIMIZATION_LEVEL = "-Onone";
			};
			name = Debug;
		};
		1E47C1302CD20DA4003AE32B /* Release */ = {
			isa = XCBuildConfiguration;
			buildSettings = {
				ALWAYS_SEARCH_USER_PATHS = NO;
				ASSETCATALOG_COMPILER_GENERATE_SWIFT_ASSET_SYMBOL_EXTENSIONS = YES;
				CLANG_ANALYZER_NONNULL = YES;
				CLANG_ANALYZER_NUMBER_OBJECT_CONVERSION = YES_AGGRESSIVE;
				CLANG_CXX_LANGUAGE_STANDARD = "gnu++20";
				CLANG_ENABLE_MODULES = YES;
				CLANG_ENABLE_OBJC_ARC = YES;
				CLANG_ENABLE_OBJC_WEAK = YES;
				CLANG_WARN_BLOCK_CAPTURE_AUTORELEASING = YES;
				CLANG_WARN_BOOL_CONVERSION = YES;
				CLANG_WARN_COMMA = YES;
				CLANG_WARN_CONSTANT_CONVERSION = YES;
				CLANG_WARN_DEPRECATED_OBJC_IMPLEMENTATIONS = YES;
				CLANG_WARN_DIRECT_OBJC_ISA_USAGE = YES_ERROR;
				CLANG_WARN_DOCUMENTATION_COMMENTS = YES;
				CLANG_WARN_EMPTY_BODY = YES;
				CLANG_WARN_ENUM_CONVERSION = YES;
				CLANG_WARN_INFINITE_RECURSION = YES;
				CLANG_WARN_INT_CONVERSION = YES;
				CLANG_WARN_NON_LITERAL_NULL_CONVERSION = YES;
				CLANG_WARN_OBJC_IMPLICIT_RETAIN_SELF = YES;
				CLANG_WARN_OBJC_LITERAL_CONVERSION = YES;
				CLANG_WARN_OBJC_ROOT_CLASS = YES_ERROR;
				CLANG_WARN_QUOTED_INCLUDE_IN_FRAMEWORK_HEADER = YES;
				CLANG_WARN_RANGE_LOOP_ANALYSIS = YES;
				CLANG_WARN_STRICT_PROTOTYPES = YES;
				CLANG_WARN_SUSPICIOUS_MOVE = YES;
				CLANG_WARN_UNGUARDED_AVAILABILITY = YES_AGGRESSIVE;
				CLANG_WARN_UNREACHABLE_CODE = YES;
				CLANG_WARN__DUPLICATE_METHOD_MATCH = YES;
				COPY_PHASE_STRIP = NO;
				DEBUG_INFORMATION_FORMAT = "dwarf-with-dsym";
				ENABLE_NS_ASSERTIONS = NO;
				ENABLE_STRICT_OBJC_MSGSEND = YES;
				ENABLE_USER_SCRIPT_SANDBOXING = YES;
				GCC_C_LANGUAGE_STANDARD = gnu17;
				GCC_NO_COMMON_BLOCKS = YES;
				GCC_WARN_64_TO_32_BIT_CONVERSION = YES;
				GCC_WARN_ABOUT_RETURN_TYPE = YES_ERROR;
				GCC_WARN_UNDECLARED_SELECTOR = YES;
				GCC_WARN_UNINITIALIZED_AUTOS = YES_AGGRESSIVE;
				GCC_WARN_UNUSED_FUNCTION = YES;
				GCC_WARN_UNUSED_VARIABLE = YES;
				IPHONEOS_DEPLOYMENT_TARGET = 18.0;
				LOCALIZATION_PREFERS_STRING_CATALOGS = YES;
				MTL_ENABLE_DEBUG_INFO = NO;
				MTL_FAST_MATH = YES;
				SDKROOT = iphoneos;
				SWIFT_COMPILATION_MODE = wholemodule;
				VALIDATE_PRODUCT = YES;
			};
			name = Release;
		};
		1E47C1322CD20DA4003AE32B /* Debug */ = {
			isa = XCBuildConfiguration;
			buildSettings = {
				BUNDLE_LOADER = "$(TEST_HOST)";
				CODE_SIGN_STYLE = Automatic;
				CURRENT_PROJECT_VERSION = 1;
				GENERATE_INFOPLIST_FILE = YES;
				IPHONEOS_DEPLOYMENT_TARGET = 18.0;
				MARKETING_VERSION = 1.0;
				PRODUCT_BUNDLE_IDENTIFIER = com.app.PopulationDataTests;
				PRODUCT_NAME = "$(TARGET_NAME)";
				SWIFT_EMIT_LOC_STRINGS = NO;
				SWIFT_VERSION = 5.0;
				TARGETED_DEVICE_FAMILY = "1,2";
				TEST_HOST = "$(BUILT_PRODUCTS_DIR)/PopulationData.app/$(BUNDLE_EXECUTABLE_FOLDER_PATH)/PopulationData";
			};
			name = Debug;
		};
		1E47C1332CD20DA4003AE32B /* Release */ = {
			isa = XCBuildConfiguration;
			buildSettings = {
				BUNDLE_LOADER = "$(TEST_HOST)";
				CODE_SIGN_STYLE = Automatic;
				CURRENT_PROJECT_VERSION = 1;
				GENERATE_INFOPLIST_FILE = YES;
				IPHONEOS_DEPLOYMENT_TARGET = 18.0;
				MARKETING_VERSION = 1.0;
				PRODUCT_BUNDLE_IDENTIFIER = com.app.PopulationDataTests;
				PRODUCT_NAME = "$(TARGET_NAME)";
				SWIFT_EMIT_LOC_STRINGS = NO;
				SWIFT_VERSION = 5.0;
				TARGETED_DEVICE_FAMILY = "1,2";
				TEST_HOST = "$(BUILT_PRODUCTS_DIR)/PopulationData.app/$(BUNDLE_EXECUTABLE_FOLDER_PATH)/PopulationData";
			};
			name = Release;
		};
		1E47C1352CD20DA4003AE32B /* Debug */ = {
			isa = XCBuildConfiguration;
			buildSettings = {
				CODE_SIGN_STYLE = Automatic;
				CURRENT_PROJECT_VERSION = 1;
				GENERATE_INFOPLIST_FILE = YES;
				MARKETING_VERSION = 1.0;
				PRODUCT_BUNDLE_IDENTIFIER = com.app.PopulationDataUITests;
				PRODUCT_NAME = "$(TARGET_NAME)";
				SWIFT_EMIT_LOC_STRINGS = NO;
				SWIFT_VERSION = 5.0;
				TARGETED_DEVICE_FAMILY = "1,2";
				TEST_TARGET_NAME = PopulationData;
			};
			name = Debug;
		};
		1E47C1362CD20DA4003AE32B /* Release */ = {
			isa = XCBuildConfiguration;
			buildSettings = {
				CODE_SIGN_STYLE = Automatic;
				CURRENT_PROJECT_VERSION = 1;
				GENERATE_INFOPLIST_FILE = YES;
				MARKETING_VERSION = 1.0;
				PRODUCT_BUNDLE_IDENTIFIER = com.app.PopulationDataUITests;
				PRODUCT_NAME = "$(TARGET_NAME)";
				SWIFT_EMIT_LOC_STRINGS = NO;
				SWIFT_VERSION = 5.0;
				TARGETED_DEVICE_FAMILY = "1,2";
				TEST_TARGET_NAME = PopulationData;
			};
			name = Release;
		};
/* End XCBuildConfiguration section */

/* Begin XCConfigurationList section */
		1E47C0FE2CD20DA2003AE32B /* Build configuration list for PBXProject "PopulationData" */ = {
			isa = XCConfigurationList;
			buildConfigurations = (
				1E47C12F2CD20DA4003AE32B /* Debug */,
				1E47C1302CD20DA4003AE32B /* Release */,
			);
			defaultConfigurationIsVisible = 0;
			defaultConfigurationName = Release;
		};
		1E47C12C2CD20DA4003AE32B /* Build configuration list for PBXNativeTarget "PopulationData" */ = {
			isa = XCConfigurationList;
			buildConfigurations = (
				1E47C12D2CD20DA4003AE32B /* Debug */,
				1E47C12E2CD20DA4003AE32B /* Release */,
			);
			defaultConfigurationIsVisible = 0;
			defaultConfigurationName = Release;
		};
		1E47C1312CD20DA4003AE32B /* Build configuration list for PBXNativeTarget "PopulationDataTests" */ = {
			isa = XCConfigurationList;
			buildConfigurations = (
				1E47C1322CD20DA4003AE32B /* Debug */,
				1E47C1332CD20DA4003AE32B /* Release */,
			);
			defaultConfigurationIsVisible = 0;
			defaultConfigurationName = Release;
		};
		1E47C1342CD20DA4003AE32B /* Build configuration list for PBXNativeTarget "PopulationDataUITests" */ = {
			isa = XCConfigurationList;
			buildConfigurations = (
				1E47C1352CD20DA4003AE32B /* Debug */,
				1E47C1362CD20DA4003AE32B /* Release */,
			);
			defaultConfigurationIsVisible = 0;
			defaultConfigurationName = Release;
		};
/* End XCConfigurationList section */

/* Begin XCRemoteSwiftPackageReference section */
		1E1BB7682CD36D2E0055F13A /* XCRemoteSwiftPackageReference "Alamofire" */ = {
			isa = XCRemoteSwiftPackageReference;
			repositoryURL = "https://github.com/Alamofire/Alamofire.git";
			requirement = {
				kind = upToNextMajorVersion;
				minimumVersion = 5.10.1;
			};
		};
/* End XCRemoteSwiftPackageReference section */

/* Begin XCSwiftPackageProductDependency section */
		1E1BB7692CD36D2E0055F13A /* Alamofire */ = {
			isa = XCSwiftPackageProductDependency;
			package = 1E1BB7682CD36D2E0055F13A /* XCRemoteSwiftPackageReference "Alamofire" */;
			productName = Alamofire;
		};
/* End XCSwiftPackageProductDependency section */
	};
	rootObject = 1E47C0FB2CD20DA2003AE32B /* Project object */;
}
